
Microsoft Visual Studio Solution File, Format Version 12.00
# Visual Studio Version 17
VisualStudioVersion = 17.5.002.0
MinimumVisualStudioVersion = 10.0.40219.1
Project("{9A19103F-16F7-4668-BE54-9A1E7A4F7556}") = "csharp-poo", "csharp-poo.csproj", "{0BFED827-B78F-4C8D-B164-98DF9AC74097}"
EndProject
Global
	GlobalSection(SolutionConfigurationPlatforms) = preSolution
		Debug|Any CPU = Debug|Any CPU
		Release|Any CPU = Release|Any CPU
	EndGlobalSection
	GlobalSection(ProjectConfigurationPlatforms) = postSolution
		{0BFED827-B78F-4C8D-B164-98DF9AC74097}.Debug|Any CPU.ActiveCfg = Debug|Any CPU
		{0BFED827-B78F-4C8D-B164-98DF9AC74097}.Debug|Any CPU.Build.0 = Debug|Any CPU
		{0BFED827-B78F-4C8D-B164-98DF9AC74097}.Release|Any CPU.ActiveCfg = Release|Any CPU
		{0BFED827-B78F-4C8D-B164-98DF9AC74097}.Release|Any CPU.Build.0 = Release|Any CPU
	EndGlobalSection
	GlobalSection(SolutionProperties) = preSolution
		HideSolutionNode = FALSE
	EndGlobalSection
	GlobalSection(ExtensibilityGlobals) = postSolution
		SolutionGuid = {D71152C7-C301-4B97-8A3E-A1D26765D76C}
	EndGlobalSection
EndGlobal
